{
  "name": "shortener-liorbh",
  "version": "1.0.1",
  "lockfileVersion": 3,
  "requires": true,
  "packages": {
    "": {
      "name": "shortener-liorbh",
      "version": "1.0.1",
      "license": "ISC",
      "dependencies": {
        "random-password": "^0.1.2",
        "shortener-liorbh": "^1.0.1"
      }
    },
    "node_modules/random-password": {
      "version": "0.1.2",
      "resolved": "https://registry.npmjs.org/random-password/-/random-password-0.1.2.tgz",
      "integrity": "sha512-O01uMDIVHaePjyQKpktHSKwQCQykhRaxCIp1nMnD5043ufW6Sw8TVMrkiHmcIOB/FGvJ0y0BbDWiikMwjEbhLQ==",
      "license": "MIT"
    },
    "node_modules/shortener-liorbh": {
      "version": "1.0.1",
      "resolved": "https://registry.npmjs.org/shortener-liorbh/-/shortener-liorbh-1.0.1.tgz",
      "integrity": "sha512-Grl1p6y+kpMZ5QqPTXBMxIrp6akqvsmCdGMOBk91EtRSs1lGKW9gLXHO0ecH4Aw3oDIGyrTvHD0C+qUj2AWr9Q==",
      "license": "ISC",
      "dependencies": {
        "random-password": "^0.1.2",
        "shortener-liorbh": "^1.0.0"
      }
    }
  }
}
